{
  "name": "replayhouse-web",
  "lockfileVersion": 3,
  "requires": true,
  "packages": {
    "": {
      "name": "replayhouse-web",
      "devDependencies": {
        "chdb-wasm": "^0.3.0"
      }
    },
    "node_modules/chdb-wasm": {
      "version": "0.3.0",
      "resolved": "https://registry.npmjs.org/chdb-wasm/-/chdb-wasm-0.3.0.tgz",
      "integrity": "sha512-vIw0FVqRF+1dHgReiH5wIjCikNGTWMO2xb/wQLfsU0AFZRY435xfUrMlPSTBzuJ0UvsPo0dsU+VFVRnAxTbRkQ==",
      "dev": true,
      "license": "Apache-2.0",
      "engines": {
        "node": ">=23"
      }
    }
  }
}
